
Microsoft Visual Studio Solution File, Format Version 12.00
# Visual Studio Version 17
VisualStudioVersion = 17.7.34009.444
MinimumVisualStudioVersion = 10.0.40219.1
Project("{FAE04EC0-301F-11D3-BF4B-00C04F79EFBC}") = "Movie.PL", "Movie.PL\Movie.PL.csproj", "{14751278-1107-4105-97EF-115ECFAE0172}"
EndProject
Project("{FAE04EC0-301F-11D3-BF4B-00C04F79EFBC}") = "Movie.BL", "Movie.BL\Movie.BL.csproj", "{A6AC62E8-E030-4990-9162-B66725E4FD2B}"
EndProject
Project("{FAE04EC0-301F-11D3-BF4B-00C04F79EFBC}") = "Movie.DAL", "Movie.DAL\Movie.DAL.csproj", "{05641D1A-4D27-4F58-8844-8779E4057E8C}"
EndProject
Global
	GlobalSection(SolutionConfigurationPlatforms) = preSolution
		Debug|Any CPU = Debug|Any CPU
		Release|Any CPU = Release|Any CPU
	EndGlobalSection
	GlobalSection(ProjectConfigurationPlatforms) = postSolution
		{14751278-1107-4105-97EF-115ECFAE0172}.Debug|Any CPU.ActiveCfg = Debug|Any CPU
		{14751278-1107-4105-97EF-115ECFAE0172}.Debug|Any CPU.Build.0 = Debug|Any CPU
		{14751278-1107-4105-97EF-115ECFAE0172}.Release|Any CPU.ActiveCfg = Release|Any CPU
		{14751278-1107-4105-97EF-115ECFAE0172}.Release|Any CPU.Build.0 = Release|Any CPU
		{A6AC62E8-E030-4990-9162-B66725E4FD2B}.Debug|Any CPU.ActiveCfg = Debug|Any CPU
		{A6AC62E8-E030-4990-9162-B66725E4FD2B}.Debug|Any CPU.Build.0 = Debug|Any CPU
		{A6AC62E8-E030-4990-9162-B66725E4FD2B}.Release|Any CPU.ActiveCfg = Release|Any CPU
		{A6AC62E8-E030-4990-9162-B66725E4FD2B}.Release|Any CPU.Build.0 = Release|Any CPU
		{05641D1A-4D27-4F58-8844-8779E4057E8C}.Debug|Any CPU.ActiveCfg = Debug|Any CPU
		{05641D1A-4D27-4F58-8844-8779E4057E8C}.Debug|Any CPU.Build.0 = Debug|Any CPU
		{05641D1A-4D27-4F58-8844-8779E4057E8C}.Release|Any CPU.ActiveCfg = Release|Any CPU
		{05641D1A-4D27-4F58-8844-8779E4057E8C}.Release|Any CPU.Build.0 = Release|Any CPU
	EndGlobalSection
	GlobalSection(SolutionProperties) = preSolution
		HideSolutionNode = FALSE
	EndGlobalSection
	GlobalSection(ExtensibilityGlobals) = postSolution
		SolutionGuid = {BBCF19F9-2F61-405E-98FC-BC46C26F3EC0}
	EndGlobalSection
EndGlobal
